
Microsoft Visual Studio Solution File, Format Version 12.00
# Visual Studio 2012
Project("{FAE04EC0-301F-11D3-BF4B-00C04F79EFBC}") = "CleanCoders.TDD.NameInverter", "TDD.NameInverter\CleanCoders.TDD.NameInverter.csproj", "{F31BBFFF-C086-47C3-8420-AF1CC152C7D8}"
EndProject
Project("{2150E333-8FDC-42A3-9474-1A3956D46DE8}") = ".nuget", ".nuget", "{452C184C-03DF-4CF0-97A6-F82FF1A15820}"
	ProjectSection(SolutionItems) = preProject
		.nuget\packages.config = .nuget\packages.config
	EndProjectSection
EndProject
Project("{FAE04EC0-301F-11D3-BF4B-00C04F79EFBC}") = "CleanCoders.TDD.PrimeFactors", "CleanCoders.TDD.PrimeFactors\CleanCoders.TDD.PrimeFactors.csproj", "{AC04C0D4-43E8-4ADB-B6B0-48EB80079A21}"
EndProject
Project("{FAE04EC0-301F-11D3-BF4B-00C04F79EFBC}") = "WordWrapper", "WordWrapper\WordWrapper.csproj", "{6AACA9BC-AC46-48B5-9F4F-78D23DE66F3A}"
EndProject
Project("{FAE04EC0-301F-11D3-BF4B-00C04F79EFBC}") = "CleanCoders.BowlingGame", "CleanCoders.BowlingGAme\CleanCoders.BowlingGame.csproj", "{C42511F5-4D3B-4024-AD56-A24F9B5AB367}"
EndProject
Project("{FAE04EC0-301F-11D3-BF4B-00C04F79EFBC}") = "CleanCoders.TDD.TestFixtures", "CleanCoders.TDD.TestFixtures\CleanCoders.TDD.TestFixtures.csproj", "{69E89600-1B70-4987-ACC4-65D121622A27}"
EndProject
Project("{FAE04EC0-301F-11D3-BF4B-00C04F79EFBC}") = "CleanCoders.TDD.GrowingTestSetup", "CleanCoders.TDD.GrowingTestSetup\CleanCoders.TDD.GrowingTestSetup.csproj", "{69659C3D-AA72-4948-A8C4-8432BD3D068F}"
EndProject
Project("{FAE04EC0-301F-11D3-BF4B-00C04F79EFBC}") = "CleanCoders.TDD.TestDesign", "CleanCoders.TDD.TestDesign\CleanCoders.TDD.TestDesign.csproj", "{34C8295D-1349-4D4B-AE0B-A318E3FF64FE}"
EndProject
Project("{FAE04EC0-301F-11D3-BF4B-00C04F79EFBC}") = "CleanCoders.TDD.TestProcess", "CleanCoders.TDD.TestProcess\CleanCoders.TDD.TestProcess.csproj", "{210E494A-E905-41EF-82D6-7B9BCF97F47C}"
EndProject
Project("{FAE04EC0-301F-11D3-BF4B-00C04F79EFBC}") = "QueueExercise", "QueueExercise\QueueExercise.csproj", "{15BF2A27-3E1B-42B9-97EC-1901677E5A09}"
EndProject
Project("{FAE04EC0-301F-11D3-BF4B-00C04F79EFBC}") = "PrimeFactorsKata", "PrimeFactorsKata\PrimeFactorsKata.csproj", "{B2E98567-9621-420E-9744-AF2504735898}"
EndProject
Project("{FAE04EC0-301F-11D3-BF4B-00C04F79EFBC}") = "WordWrapperKata", "WordWrapperKata\WordWrapperKata.csproj", "{96CF2965-7B09-45F6-8CCC-602679295505}"
EndProject
Project("{FAE04EC0-301F-11D3-BF4B-00C04F79EFBC}") = "SortingKata", "SortingKata\SortingKata.csproj", "{A715FCE0-7BF5-421D-AC3F-DBC4CDF27C80}"
EndProject
Global
	GlobalSection(SolutionConfigurationPlatforms) = preSolution
		Debug|Any CPU = Debug|Any CPU
		Release|Any CPU = Release|Any CPU
	EndGlobalSection
	GlobalSection(ProjectConfigurationPlatforms) = postSolution
		{F31BBFFF-C086-47C3-8420-AF1CC152C7D8}.Debug|Any CPU.ActiveCfg = Debug|Any CPU
		{F31BBFFF-C086-47C3-8420-AF1CC152C7D8}.Debug|Any CPU.Build.0 = Debug|Any CPU
		{F31BBFFF-C086-47C3-8420-AF1CC152C7D8}.Release|Any CPU.ActiveCfg = Release|Any CPU
		{F31BBFFF-C086-47C3-8420-AF1CC152C7D8}.Release|Any CPU.Build.0 = Release|Any CPU
		{AC04C0D4-43E8-4ADB-B6B0-48EB80079A21}.Debug|Any CPU.ActiveCfg = Debug|Any CPU
		{AC04C0D4-43E8-4ADB-B6B0-48EB80079A21}.Debug|Any CPU.Build.0 = Debug|Any CPU
		{AC04C0D4-43E8-4ADB-B6B0-48EB80079A21}.Release|Any CPU.ActiveCfg = Release|Any CPU
		{AC04C0D4-43E8-4ADB-B6B0-48EB80079A21}.Release|Any CPU.Build.0 = Release|Any CPU
		{6AACA9BC-AC46-48B5-9F4F-78D23DE66F3A}.Debug|Any CPU.ActiveCfg = Debug|Any CPU
		{6AACA9BC-AC46-48B5-9F4F-78D23DE66F3A}.Debug|Any CPU.Build.0 = Debug|Any CPU
		{6AACA9BC-AC46-48B5-9F4F-78D23DE66F3A}.Release|Any CPU.ActiveCfg = Release|Any CPU
		{6AACA9BC-AC46-48B5-9F4F-78D23DE66F3A}.Release|Any CPU.Build.0 = Release|Any CPU
		{C42511F5-4D3B-4024-AD56-A24F9B5AB367}.Debug|Any CPU.ActiveCfg = Debug|Any CPU
		{C42511F5-4D3B-4024-AD56-A24F9B5AB367}.Debug|Any CPU.Build.0 = Debug|Any CPU
		{C42511F5-4D3B-4024-AD56-A24F9B5AB367}.Release|Any CPU.ActiveCfg = Release|Any CPU
		{C42511F5-4D3B-4024-AD56-A24F9B5AB367}.Release|Any CPU.Build.0 = Release|Any CPU
		{69E89600-1B70-4987-ACC4-65D121622A27}.Debug|Any CPU.ActiveCfg = Debug|Any CPU
		{69E89600-1B70-4987-ACC4-65D121622A27}.Debug|Any CPU.Build.0 = Debug|Any CPU
		{69E89600-1B70-4987-ACC4-65D121622A27}.Release|Any CPU.ActiveCfg = Release|Any CPU
		{69E89600-1B70-4987-ACC4-65D121622A27}.Release|Any CPU.Build.0 = Release|Any CPU
		{69659C3D-AA72-4948-A8C4-8432BD3D068F}.Debug|Any CPU.ActiveCfg = Debug|Any CPU
		{69659C3D-AA72-4948-A8C4-8432BD3D068F}.Debug|Any CPU.Build.0 = Debug|Any CPU
		{69659C3D-AA72-4948-A8C4-8432BD3D068F}.Release|Any CPU.ActiveCfg = Release|Any CPU
		{69659C3D-AA72-4948-A8C4-8432BD3D068F}.Release|Any CPU.Build.0 = Release|Any CPU
		{34C8295D-1349-4D4B-AE0B-A318E3FF64FE}.Debug|Any CPU.ActiveCfg = Debug|Any CPU
		{34C8295D-1349-4D4B-AE0B-A318E3FF64FE}.Debug|Any CPU.Build.0 = Debug|Any CPU
		{34C8295D-1349-4D4B-AE0B-A318E3FF64FE}.Release|Any CPU.ActiveCfg = Release|Any CPU
		{34C8295D-1349-4D4B-AE0B-A318E3FF64FE}.Release|Any CPU.Build.0 = Release|Any CPU
		{210E494A-E905-41EF-82D6-7B9BCF97F47C}.Debug|Any CPU.ActiveCfg = Debug|Any CPU
		{210E494A-E905-41EF-82D6-7B9BCF97F47C}.Debug|Any CPU.Build.0 = Debug|Any CPU
		{210E494A-E905-41EF-82D6-7B9BCF97F47C}.Release|Any CPU.ActiveCfg = Release|Any CPU
		{210E494A-E905-41EF-82D6-7B9BCF97F47C}.Release|Any CPU.Build.0 = Release|Any CPU
		{15BF2A27-3E1B-42B9-97EC-1901677E5A09}.Debug|Any CPU.ActiveCfg = Debug|Any CPU
		{15BF2A27-3E1B-42B9-97EC-1901677E5A09}.Debug|Any CPU.Build.0 = Debug|Any CPU
		{15BF2A27-3E1B-42B9-97EC-1901677E5A09}.Release|Any CPU.ActiveCfg = Release|Any CPU
		{15BF2A27-3E1B-42B9-97EC-1901677E5A09}.Release|Any CPU.Build.0 = Release|Any CPU
		{B2E98567-9621-420E-9744-AF2504735898}.Debug|Any CPU.ActiveCfg = Debug|Any CPU
		{B2E98567-9621-420E-9744-AF2504735898}.Debug|Any CPU.Build.0 = Debug|Any CPU
		{B2E98567-9621-420E-9744-AF2504735898}.Release|Any CPU.ActiveCfg = Release|Any CPU
		{B2E98567-9621-420E-9744-AF2504735898}.Release|Any CPU.Build.0 = Release|Any CPU
		{96CF2965-7B09-45F6-8CCC-602679295505}.Debug|Any CPU.ActiveCfg = Debug|Any CPU
		{96CF2965-7B09-45F6-8CCC-602679295505}.Debug|Any CPU.Build.0 = Debug|Any CPU
		{96CF2965-7B09-45F6-8CCC-602679295505}.Release|Any CPU.ActiveCfg = Release|Any CPU
		{96CF2965-7B09-45F6-8CCC-602679295505}.Release|Any CPU.Build.0 = Release|Any CPU
		{A715FCE0-7BF5-421D-AC3F-DBC4CDF27C80}.Debug|Any CPU.ActiveCfg = Debug|Any CPU
		{A715FCE0-7BF5-421D-AC3F-DBC4CDF27C80}.Debug|Any CPU.Build.0 = Debug|Any CPU
		{A715FCE0-7BF5-421D-AC3F-DBC4CDF27C80}.Release|Any CPU.ActiveCfg = Release|Any CPU
		{A715FCE0-7BF5-421D-AC3F-DBC4CDF27C80}.Release|Any CPU.Build.0 = Release|Any CPU
	EndGlobalSection
	GlobalSection(SolutionProperties) = preSolution
		HideSolutionNode = FALSE
	EndGlobalSection
EndGlobal
